
Microsoft Visual Studio Solution File, Format Version 12.00
# Visual Studio Version 16
VisualStudioVersion = 16.0.32929.386
MinimumVisualStudioVersion = 10.0.40219.1
Project("{8BC9CEB8-8B4A-11D0-8D11-00A0C91BC942}") = "CreationalPattern", "CreationalPattern.vcxproj", "{769002BA-4534-4BC4-8039-396A49B662F7}"
EndProject
Global
	GlobalSection(SolutionConfigurationPlatforms) = preSolution
		Debug|x64 = Debug|x64
		Debug|x86 = Debug|x86
		Release|x64 = Release|x64
		Release|x86 = Release|x86
	EndGlobalSection
	GlobalSection(ProjectConfigurationPlatforms) = postSolution
		{769002BA-4534-4BC4-8039-396A49B662F7}.Debug|x64.ActiveCfg = Debug|x64
		{769002BA-4534-4BC4-8039-396A49B662F7}.Debug|x64.Build.0 = Debug|x64
		{769002BA-4534-4BC4-8039-396A49B662F7}.Debug|x86.ActiveCfg = Debug|Win32
		{769002BA-4534-4BC4-8039-396A49B662F7}.Debug|x86.Build.0 = Debug|Win32
		{769002BA-4534-4BC4-8039-396A49B662F7}.Release|x64.ActiveCfg = Release|x64
		{769002BA-4534-4BC4-8039-396A49B662F7}.Release|x64.Build.0 = Release|x64
		{769002BA-4534-4BC4-8039-396A49B662F7}.Release|x86.ActiveCfg = Release|Win32
		{769002BA-4534-4BC4-8039-396A49B662F7}.Release|x86.Build.0 = Release|Win32
	EndGlobalSection
	GlobalSection(SolutionProperties) = preSolution
		HideSolutionNode = FALSE
	EndGlobalSection
	GlobalSection(ExtensibilityGlobals) = postSolution
		SolutionGuid = {5393AD75-A7DF-4A84-80A2-9ED75FFE74A3}
	EndGlobalSection
EndGlobal
